
Microsoft Visual Studio Solution File, Format Version 12.00
# Visual Studio Version 16
VisualStudioVersion = 16.0.32901.82
MinimumVisualStudioVersion = 10.0.40219.1
Project("{FAE04EC0-301F-11D3-BF4B-00C04F79EFBC}") = "Simulador HDLC", "Simulador HDLC.csproj", "{906D3EC5-50AB-42C7-98F7-9437AAEC5DB1}"
EndProject
Global
	GlobalSection(SolutionConfigurationPlatforms) = preSolution
		Debug|Any CPU = Debug|Any CPU
		Release|Any CPU = Release|Any CPU
	EndGlobalSection
	GlobalSection(ProjectConfigurationPlatforms) = postSolution
		{906D3EC5-50AB-42C7-98F7-9437AAEC5DB1}.Debug|Any CPU.ActiveCfg = Debug|Any CPU
		{906D3EC5-50AB-42C7-98F7-9437AAEC5DB1}.Debug|Any CPU.Build.0 = Debug|Any CPU
		{906D3EC5-50AB-42C7-98F7-9437AAEC5DB1}.Release|Any CPU.ActiveCfg = Release|Any CPU
		{906D3EC5-50AB-42C7-98F7-9437AAEC5DB1}.Release|Any CPU.Build.0 = Release|Any CPU
	EndGlobalSection
	GlobalSection(SolutionProperties) = preSolution
		HideSolutionNode = FALSE
	EndGlobalSection
	GlobalSection(ExtensibilityGlobals) = postSolution
		SolutionGuid = {A240CAC8-D54B-4BEE-843C-FDBAC42B754A}
	EndGlobalSection
EndGlobal
